// !$*UTF8*$!
{
	archiveVersion = 1;
	classes = {
	};
	objectVersion = 50;
	objects = {

/* Begin PBXBuildFile section */
		26533E652545BB1E00EE7B1E /* RegisterViewController.swift in Sources */ = {isa = PBXBuildFile; fileRef = 26533E642545BB1E00EE7B1E /* RegisterViewController.swift */; };
		26533E682545BC8300EE7B1E /* Profile.storyboard in Resources */ = {isa = PBXBuildFile; fileRef = 26533E672545BC8300EE7B1E /* Profile.storyboard */; };
		26533E6D2545CFE600EE7B1E /* MainProfileTableViewCell.swift in Sources */ = {isa = PBXBuildFile; fileRef = 26533E6B2545CFE600EE7B1E /* MainProfileTableViewCell.swift */; };
		26533E712545DD4400EE7B1E /* Home.storyboard in Resources */ = {isa = PBXBuildFile; fileRef = 26533E702545DD4400EE7B1E /* Home.storyboard */; };
		26533E762545F6BB00EE7B1E /* FeedTableViewCell.swift in Sources */ = {isa = PBXBuildFile; fileRef = 26533E742545F6BB00EE7B1E /* FeedTableViewCell.swift */; };
		26533E772545F6BB00EE7B1E /* FeedTableViewCell.xib in Resources */ = {isa = PBXBuildFile; fileRef = 26533E752545F6BB00EE7B1E /* FeedTableViewCell.xib */; };
		26AA13DB2544C76F00BF4F8F /* AppDelegate.swift in Sources */ = {isa = PBXBuildFile; fileRef = 26AA13DA2544C76F00BF4F8F /* AppDelegate.swift */; };
		26AA13DD2544C76F00BF4F8F /* SceneDelegate.swift in Sources */ = {isa = PBXBuildFile; fileRef = 26AA13DC2544C76F00BF4F8F /* SceneDelegate.swift */; };
		26AA13DF2544C76F00BF4F8F /* ViewController.swift in Sources */ = {isa = PBXBuildFile; fileRef = 26AA13DE2544C76F00BF4F8F /* ViewController.swift */; };
		26AA13E22544C76F00BF4F8F /* Main.storyboard in Resources */ = {isa = PBXBuildFile; fileRef = 26AA13E02544C76F00BF4F8F /* Main.storyboard */; };
		26AA13E42544C77500BF4F8F /* Assets.xcassets in Resources */ = {isa = PBXBuildFile; fileRef = 26AA13E32544C77500BF4F8F /* Assets.xcassets */; };
		26AA13E72544C77500BF4F8F /* LaunchScreen.storyboard in Resources */ = {isa = PBXBuildFile; fileRef = 26AA13E52544C77500BF4F8F /* LaunchScreen.storyboard */; };
		26AA13F42544C83B00BF4F8F /* ProfileViewController.swift in Sources */ = {isa = PBXBuildFile; fileRef = 26AA13F32544C83B00BF4F8F /* ProfileViewController.swift */; };
		26AA13FA2544C87100BF4F8F /* HomeViewController.swift in Sources */ = {isa = PBXBuildFile; fileRef = 26AA13F92544C87100BF4F8F /* HomeViewController.swift */; };
		26AA13FC2544C87D00BF4F8F /* SearchViewController.swift in Sources */ = {isa = PBXBuildFile; fileRef = 26AA13FB2544C87D00BF4F8F /* SearchViewController.swift */; };
		26AA13FE2544C88900BF4F8F /* ActivityViewController.swift in Sources */ = {isa = PBXBuildFile; fileRef = 26AA13FD2544C88900BF4F8F /* ActivityViewController.swift */; };
		26AA14012544C89E00BF4F8F /* NewPostViewController.swift in Sources */ = {isa = PBXBuildFile; fileRef = 26AA14002544C89E00BF4F8F /* NewPostViewController.swift */; };
/* End PBXBuildFile section */

/* Begin PBXFileReference section */
		26533E642545BB1E00EE7B1E /* RegisterViewController.swift */ = {isa = PBXFileReference; lastKnownFileType = sourcecode.swift; path = RegisterViewController.swift; sourceTree = "<group>"; };
		26533E672545BC8300EE7B1E /* Profile.storyboard */ = {isa = PBXFileReference; lastKnownFileType = file.storyboard; path = Profile.storyboard; sourceTree = "<group>"; };
		26533E6B2545CFE600EE7B1E /* MainProfileTableViewCell.swift */ = {isa = PBXFileReference; lastKnownFileType = sourcecode.swift; path = MainProfileTableViewCell.swift; sourceTree = "<group>"; };
		26533E702545DD4400EE7B1E /* Home.storyboard */ = {isa = PBXFileReference; lastKnownFileType = file.storyboard; path = Home.storyboard; sourceTree = "<group>"; };
		26533E742545F6BB00EE7B1E /* FeedTableViewCell.swift */ = {isa = PBXFileReference; lastKnownFileType = sourcecode.swift; path = FeedTableViewCell.swift; sourceTree = "<group>"; };
		26533E752545F6BB00EE7B1E /* FeedTableViewCell.xib */ = {isa = PBXFileReference; lastKnownFileType = file.xib; path = FeedTableViewCell.xib; sourceTree = "<group>"; };
		26AA13D72544C76F00BF4F8F /* Community Discussion.app */ = {isa = PBXFileReference; explicitFileType = wrapper.application; includeInIndex = 0; path = "Community Discussion.app"; sourceTree = BUILT_PRODUCTS_DIR; };
		26AA13DA2544C76F00BF4F8F /* AppDelegate.swift */ = {isa = PBXFileReference; lastKnownFileType = sourcecode.swift; path = AppDelegate.swift; sourceTree = "<group>"; };
		26AA13DC2544C76F00BF4F8F /* SceneDelegate.swift */ = {isa = PBXFileReference; lastKnownFileType = sourcecode.swift; path = SceneDelegate.swift; sourceTree = "<group>"; };
		26AA13DE2544C76F00BF4F8F /* ViewController.swift */ = {isa = PBXFileReference; lastKnownFileType = sourcecode.swift; path = ViewController.swift; sourceTree = "<group>"; };
		26AA13E12544C76F00BF4F8F /* Base */ = {isa = PBXFileReference; lastKnownFileType = file.storyboard; name = Base; path = Base.lproj/Main.storyboard; sourceTree = "<group>"; };
		26AA13E32544C77500BF4F8F /* Assets.xcassets */ = {isa = PBXFileReference; lastKnownFileType = folder.assetcatalog; path = Assets.xcassets; sourceTree = "<group>"; };
		26AA13E62544C77500BF4F8F /* Base */ = {isa = PBXFileReference; lastKnownFileType = file.storyboard; name = Base; path = Base.lproj/LaunchScreen.storyboard; sourceTree = "<group>"; };
		26AA13E82544C77500BF4F8F /* Info.plist */ = {isa = PBXFileReference; lastKnownFileType = text.plist.xml; path = Info.plist; sourceTree = "<group>"; };
		26AA13F32544C83B00BF4F8F /* ProfileViewController.swift */ = {isa = PBXFileReference; lastKnownFileType = sourcecode.swift; path = ProfileViewController.swift; sourceTree = "<group>"; };
		26AA13F92544C87100BF4F8F /* HomeViewController.swift */ = {isa = PBXFileReference; lastKnownFileType = sourcecode.swift; path = HomeViewController.swift; sourceTree = "<group>"; };
		26AA13FB2544C87D00BF4F8F /* SearchViewController.swift */ = {isa = PBXFileReference; lastKnownFileType = sourcecode.swift; path = SearchViewController.swift; sourceTree = "<group>"; };
		26AA13FD2544C88900BF4F8F /* ActivityViewController.swift */ = {isa = PBXFileReference; lastKnownFileType = sourcecode.swift; path = ActivityViewController.swift; sourceTree = "<group>"; };
		26AA14002544C89E00BF4F8F /* NewPostViewController.swift */ = {isa = PBXFileReference; lastKnownFileType = sourcecode.swift; path = NewPostViewController.swift; sourceTree = "<group>"; };
/* End PBXFileReference section */

/* Begin PBXFrameworksBuildPhase section */
		26AA13D42544C76F00BF4F8F /* Frameworks */ = {
			isa = PBXFrameworksBuildPhase;
			buildActionMask = 2147483647;
			files = (
			);
			runOnlyForDeploymentPostprocessing = 0;
		};
/* End PBXFrameworksBuildPhase section */

/* Begin PBXGroup section */
		26533E662545BBE200EE7B1E /* StoryBoards */ = {
			isa = PBXGroup;
			children = (
				26533E6F2545D5B300EE7B1E /* Profile */,
				26AA13E02544C76F00BF4F8F /* Main.storyboard */,
				26AA13E32544C77500BF4F8F /* Assets.xcassets */,
				26AA13E52544C77500BF4F8F /* LaunchScreen.storyboard */,
			);
			path = StoryBoards;
			sourceTree = "<group>";
		};
		26533E6F2545D5B300EE7B1E /* Profile */ = {
			isa = PBXGroup;
			children = (
				26533E672545BC8300EE7B1E /* Profile.storyboard */,
				26533E702545DD4400EE7B1E /* Home.storyboard */,
			);
			path = Profile;
			sourceTree = "<group>";
		};
		26AA13CE2544C76F00BF4F8F = {
			isa = PBXGroup;
			children = (
				26AA13D92544C76F00BF4F8F /* Community Discussion */,
				26AA13D82544C76F00BF4F8F /* Products */,
			);
			sourceTree = "<group>";
		};
		26AA13D82544C76F00BF4F8F /* Products */ = {
			isa = PBXGroup;
			children = (
				26AA13D72544C76F00BF4F8F /* Community Discussion.app */,
			);
			name = Products;
			sourceTree = "<group>";
		};
		26AA13D92544C76F00BF4F8F /* Community Discussion */ = {
			isa = PBXGroup;
			children = (
				26AA13F02544C79300BF4F8F /* Resources */,
				26AA13EF2544C78600BF4F8F /* View&Model */,
				26AA13EE2544C77F00BF4F8F /* Controllers */,
				26AA13E82544C77500BF4F8F /* Info.plist */,
			);
			path = "Community Discussion";
			sourceTree = "<group>";
		};
		26AA13EE2544C77F00BF4F8F /* Controllers */ = {
			isa = PBXGroup;
			children = (
				26AA13F82544C85B00BF4F8F /* New Post */,
				26AA13F72544C85200BF4F8F /* Activity */,
				26AA13F62544C84900BF4F8F /* Serach */,
				26AA13F52544C84000BF4F8F /* Home */,
				26AA13F22544C82400BF4F8F /* Profile */,
				26AA13DE2544C76F00BF4F8F /* ViewController.swift */,
				26533E642545BB1E00EE7B1E /* RegisterViewController.swift */,
				26533E662545BBE200EE7B1E /* StoryBoards */,
			);
			path = Controllers;
			sourceTree = "<group>";
		};
		26AA13EF2544C78600BF4F8F /* View&Model */ = {
			isa = PBXGroup;
			children = (
				26533E6B2545CFE600EE7B1E /* MainProfileTableViewCell.swift */,
				26533E742545F6BB00EE7B1E /* FeedTableViewCell.swift */,
				26533E752545F6BB00EE7B1E /* FeedTableViewCell.xib */,
			);
			path = "View&Model";
			sourceTree = "<group>";
		};
		26AA13F02544C79300BF4F8F /* Resources */ = {
			isa = PBXGroup;
			children = (
				26AA13DA2544C76F00BF4F8F /* AppDelegate.swift */,
				26AA13DC2544C76F00BF4F8F /* SceneDelegate.swift */,
			);
			path = Resources;
			sourceTree = "<group>";
		};
		26AA13F22544C82400BF4F8F /* Profile */ = {
			isa = PBXGroup;
			children = (
				26AA13F32544C83B00BF4F8F /* ProfileViewController.swift */,
			);
			path = Profile;
			sourceTree = "<group>";
		};
		26AA13F52544C84000BF4F8F /* Home */ = {
			isa = PBXGroup;
			children = (
				26AA13F92544C87100BF4F8F /* HomeViewController.swift */,
			);
			path = Home;
			sourceTree = "<group>";
		};
		26AA13F62544C84900BF4F8F /* Serach */ = {
			isa = PBXGroup;
			children = (
				26AA13FB2544C87D00BF4F8F /* SearchViewController.swift */,
			);
			path = Serach;
			sourceTree = "<group>";
		};
		26AA13F72544C85200BF4F8F /* Activity */ = {
			isa = PBXGroup;
			children = (
				26AA13FD2544C88900BF4F8F /* ActivityViewController.swift */,
			);
			path = Activity;
			sourceTree = "<group>";
		};
		26AA13F82544C85B00BF4F8F /* New Post */ = {
			isa = PBXGroup;
			children = (
				26AA14002544C89E00BF4F8F /* NewPostViewController.swift */,
			);
			path = "New Post";
			sourceTree = "<group>";
		};
/* End PBXGroup section */

/* Begin PBXNativeTarget section */
		26AA13D62544C76F00BF4F8F /* Community Discussion */ = {
			isa = PBXNativeTarget;
			buildConfigurationList = 26AA13EB2544C77500BF4F8F /* Build configuration list for PBXNativeTarget "Community Discussion" */;
			buildPhases = (
				26AA13D32544C76F00BF4F8F /* Sources */,
				26AA13D42544C76F00BF4F8F /* Frameworks */,
				26AA13D52544C76F00BF4F8F /* Resources */,
			);
			buildRules = (
			);
			dependencies = (
			);
			name = "Community Discussion";
			productName = "Community Discussion";
			productReference = 26AA13D72544C76F00BF4F8F /* Community Discussion.app */;
			productType = "com.apple.product-type.application";
		};
/* End PBXNativeTarget section */

/* Begin PBXProject section */
		26AA13CF2544C76F00BF4F8F /* Project object */ = {
			isa = PBXProject;
			attributes = {
				LastSwiftUpdateCheck = 1150;
				LastUpgradeCheck = 1150;
				ORGANIZATIONNAME = "Ritik Srivastava";
				TargetAttributes = {
					26AA13D62544C76F00BF4F8F = {
						CreatedOnToolsVersion = 11.5;
					};
				};
			};
			buildConfigurationList = 26AA13D22544C76F00BF4F8F /* Build configuration list for PBXProject "Community Discussion" */;
			compatibilityVersion = "Xcode 9.3";
			developmentRegion = en;
			hasScannedForEncodings = 0;
			knownRegions = (
				en,
				Base,
			);
			mainGroup = 26AA13CE2544C76F00BF4F8F;
			productRefGroup = 26AA13D82544C76F00BF4F8F /* Products */;
			projectDirPath = "";
			projectRoot = "";
			targets = (
				26AA13D62544C76F00BF4F8F /* Community Discussion */,
			);
		};
/* End PBXProject section */

/* Begin PBXResourcesBuildPhase section */
		26AA13D52544C76F00BF4F8F /* Resources */ = {
			isa = PBXResourcesBuildPhase;
			buildActionMask = 2147483647;
			files = (
				26AA13E72544C77500BF4F8F /* LaunchScreen.storyboard in Resources */,
				26533E712545DD4400EE7B1E /* Home.storyboard in Resources */,
				26AA13E42544C77500BF4F8F /* Assets.xcassets in Resources */,
				26533E772545F6BB00EE7B1E /* FeedTableViewCell.xib in Resources */,
				26533E682545BC8300EE7B1E /* Profile.storyboard in Resources */,
				26AA13E22544C76F00BF4F8F /* Main.storyboard in Resources */,
			);
			runOnlyForDeploymentPostprocessing = 0;
		};
/* End PBXResourcesBuildPhase section */

/* Begin PBXSourcesBuildPhase section */
		26AA13D32544C76F00BF4F8F /* Sources */ = {
			isa = PBXSourcesBuildPhase;
			buildActionMask = 2147483647;
			files = (
				26AA13FC2544C87D00BF4F8F /* SearchViewController.swift in Sources */,
				26533E762545F6BB00EE7B1E /* FeedTableViewCell.swift in Sources */,
				26533E652545BB1E00EE7B1E /* RegisterViewController.swift in Sources */,
				26AA13FA2544C87100BF4F8F /* HomeViewController.swift in Sources */,
				26AA13DF2544C76F00BF4F8F /* ViewController.swift in Sources */,
				26AA13DB2544C76F00BF4F8F /* AppDelegate.swift in Sources */,
				26AA13FE2544C88900BF4F8F /* ActivityViewController.swift in Sources */,
				26AA14012544C89E00BF4F8F /* NewPostViewController.swift in Sources */,
				26AA13F42544C83B00BF4F8F /* ProfileViewController.swift in Sources */,
				26533E6D2545CFE600EE7B1E /* MainProfileTableViewCell.swift in Sources */,
				26AA13DD2544C76F00BF4F8F /* SceneDelegate.swift in Sources */,
			);
			runOnlyForDeploymentPostprocessing = 0;
		};
/* End PBXSourcesBuildPhase section */

/* Begin PBXVariantGroup section */
		26AA13E02544C76F00BF4F8F /* Main.storyboard */ = {
			isa = PBXVariantGroup;
			children = (
				26AA13E12544C76F00BF4F8F /* Base */,
			);
			name = Main.storyboard;
			sourceTree = "<group>";
		};
		26AA13E52544C77500BF4F8F /* LaunchScreen.storyboard */ = {
			isa = PBXVariantGroup;
			children = (
				26AA13E62544C77500BF4F8F /* Base */,
			);
			name = LaunchScreen.storyboard;
			sourceTree = "<group>";
		};
/* End PBXVariantGroup section */

/* Begin XCBuildConfiguration section */
		26AA13E92544C77500BF4F8F /* Debug */ = {
			isa = XCBuildConfiguration;
			buildSettings = {
				ALWAYS_SEARCH_USER_PATHS = NO;
				CLANG_ANALYZER_NONNULL = YES;
				CLANG_ANALYZER_NUMBER_OBJECT_CONVERSION = YES_AGGRESSIVE;
				CLANG_CXX_LANGUAGE_STANDARD = "gnu++14";
				CLANG_CXX_LIBRARY = "libc++";
				CLANG_ENABLE_MODULES = YES;
				CLANG_ENABLE_OBJC_ARC = YES;
				CLANG_ENABLE_OBJC_WEAK = YES;
				CLANG_WARN_BLOCK_CAPTURE_AUTORELEASING = YES;
				CLANG_WARN_BOOL_CONVERSION = YES;
				CLANG_WARN_COMMA = YES;
				CLANG_WARN_CONSTANT_CONVERSION = YES;
				CLANG_WARN_DEPRECATED_OBJC_IMPLEMENTATIONS = YES;
				CLANG_WARN_DIRECT_OBJC_ISA_USAGE = YES_ERROR;
				CLANG_WARN_DOCUMENTATION_COMMENTS = YES;
				CLANG_WARN_EMPTY_BODY = YES;
				CLANG_WARN_ENUM_CONVERSION = YES;
				CLANG_WARN_INFINITE_RECURSION = YES;
				CLANG_WARN_INT_CONVERSION = YES;
				CLANG_WARN_NON_LITERAL_NULL_CONVERSION = YES;
				CLANG_WARN_OBJC_IMPLICIT_RETAIN_SELF = YES;
				CLANG_WARN_OBJC_LITERAL_CONVERSION = YES;
				CLANG_WARN_OBJC_ROOT_CLASS = YES_ERROR;
				CLANG_WARN_RANGE_LOOP_ANALYSIS = YES;
				CLANG_WARN_STRICT_PROTOTYPES = YES;
				CLANG_WARN_SUSPICIOUS_MOVE = YES;
				CLANG_WARN_UNGUARDED_AVAILABILITY = YES_AGGRESSIVE;
				CLANG_WARN_UNREACHABLE_CODE = YES;
				CLANG_WARN__DUPLICATE_METHOD_MATCH = YES;
				COPY_PHASE_STRIP = NO;
				DEBUG_INFORMATION_FORMAT = dwarf;
				ENABLE_STRICT_OBJC_MSGSEND = YES;
				ENABLE_TESTABILITY = YES;
				GCC_C_LANGUAGE_STANDARD = gnu11;
				GCC_DYNAMIC_NO_PIC = NO;
				GCC_NO_COMMON_BLOCKS = YES;
				GCC_OPTIMIZATION_LEVEL = 0;
				GCC_PREPROCESSOR_DEFINITIONS = (
					"DEBUG=1",
					"$(inherited)",
				);
				GCC_WARN_64_TO_32_BIT_CONVERSION = YES;
				GCC_WARN_ABOUT_RETURN_TYPE = YES_ERROR;
				GCC_WARN_UNDECLARED_SELECTOR = YES;
				GCC_WARN_UNINITIALIZED_AUTOS = YES_AGGRESSIVE;
				GCC_WARN_UNUSED_FUNCTION = YES;
				GCC_WARN_UNUSED_VARIABLE = YES;
				IPHONEOS_DEPLOYMENT_TARGET = 13.5;
				MTL_ENABLE_DEBUG_INFO = INCLUDE_SOURCE;
				MTL_FAST_MATH = YES;
				ONLY_ACTIVE_ARCH = YES;
				SDKROOT = iphoneos;
				SWIFT_ACTIVE_COMPILATION_CONDITIONS = DEBUG;
				SWIFT_OPTIMIZATION_LEVEL = "-Onone";
			};
			name = Debug;
		};
		26AA13EA2544C77500BF4F8F /* Release */ = {
			isa = XCBuildConfiguration;
			buildSettings = {
				ALWAYS_SEARCH_USER_PATHS = NO;
				CLANG_ANALYZER_NONNULL = YES;
				CLANG_ANALYZER_NUMBER_OBJECT_CONVERSION = YES_AGGRESSIVE;
				CLANG_CXX_LANGUAGE_STANDARD = "gnu++14";
				CLANG_CXX_LIBRARY = "libc++";
				CLANG_ENABLE_MODULES = YES;
				CLANG_ENABLE_OBJC_ARC = YES;
				CLANG_ENABLE_OBJC_WEAK = YES;
				CLANG_WARN_BLOCK_CAPTURE_AUTORELEASING = YES;
				CLANG_WARN_BOOL_CONVERSION = YES;
				CLANG_WARN_COMMA = YES;
				CLANG_WARN_CONSTANT_CONVERSION = YES;
				CLANG_WARN_DEPRECATED_OBJC_IMPLEMENTATIONS = YES;
				CLANG_WARN_DIRECT_OBJC_ISA_USAGE = YES_ERROR;
				CLANG_WARN_DOCUMENTATION_COMMENTS = YES;
				CLANG_WARN_EMPTY_BODY = YES;
				CLANG_WARN_ENUM_CONVERSION = YES;
				CLANG_WARN_INFINITE_RECURSION = YES;
				CLANG_WARN_INT_CONVERSION = YES;
				CLANG_WARN_NON_LITERAL_NULL_CONVERSION = YES;
				CLANG_WARN_OBJC_IMPLICIT_RETAIN_SELF = YES;
				CLANG_WARN_OBJC_LITERAL_CONVERSION = YES;
				CLANG_WARN_OBJC_ROOT_CLASS = YES_ERROR;
				CLANG_WARN_RANGE_LOOP_ANALYSIS = YES;
				CLANG_WARN_STRICT_PROTOTYPES = YES;
				CLANG_WARN_SUSPICIOUS_MOVE = YES;
				CLANG_WARN_UNGUARDED_AVAILABILITY = YES_AGGRESSIVE;
				CLANG_WARN_UNREACHABLE_CODE = YES;
				CLANG_WARN__DUPLICATE_METHOD_MATCH = YES;
				COPY_PHASE_STRIP = NO;
				DEBUG_INFORMATION_FORMAT = "dwarf-with-dsym";
				ENABLE_NS_ASSERTIONS = NO;
				ENABLE_STRICT_OBJC_MSGSEND = YES;
				GCC_C_LANGUAGE_STANDARD = gnu11;
				GCC_NO_COMMON_BLOCKS = YES;
				GCC_WARN_64_TO_32_BIT_CONVERSION = YES;
				GCC_WARN_ABOUT_RETURN_TYPE = YES_ERROR;
				GCC_WARN_UNDECLARED_SELECTOR = YES;
				GCC_WARN_UNINITIALIZED_AUTOS = YES_AGGRESSIVE;
				GCC_WARN_UNUSED_FUNCTION = YES;
				GCC_WARN_UNUSED_VARIABLE = YES;
				IPHONEOS_DEPLOYMENT_TARGET = 13.5;
				MTL_ENABLE_DEBUG_INFO = NO;
				MTL_FAST_MATH = YES;
				SDKROOT = iphoneos;
				SWIFT_COMPILATION_MODE = wholemodule;
				SWIFT_OPTIMIZATION_LEVEL = "-O";
				VALIDATE_PRODUCT = YES;
			};
			name = Release;
		};
		26AA13EC2544C77500BF4F8F /* Debug */ = {
			isa = XCBuildConfiguration;
			buildSettings = {
				ASSETCATALOG_COMPILER_APPICON_NAME = AppIcon;
				CODE_SIGN_STYLE = Automatic;
				DEVELOPMENT_TEAM = KSL3F3AWWM;
				INFOPLIST_FILE = "Community Discussion/Info.plist";
				LD_RUNPATH_SEARCH_PATHS = (
					"$(inherited)",
					"@executable_path/Frameworks",
				);
				PRODUCT_BUNDLE_IDENTIFIER = "com.alexanderritik.Community-Discussion";
				PRODUCT_NAME = "$(TARGET_NAME)";
				SWIFT_VERSION = 5.0;
				TARGETED_DEVICE_FAMILY = "1,2";
			};
			name = Debug;
		};
		26AA13ED2544C77500BF4F8F /* Release */ = {
			isa = XCBuildConfiguration;
			buildSettings = {
				ASSETCATALOG_COMPILER_APPICON_NAME = AppIcon;
				CODE_SIGN_STYLE = Automatic;
				DEVELOPMENT_TEAM = KSL3F3AWWM;
				INFOPLIST_FILE = "Community Discussion/Info.plist";
				LD_RUNPATH_SEARCH_PATHS = (
					"$(inherited)",
					"@executable_path/Frameworks",
				);
				PRODUCT_BUNDLE_IDENTIFIER = "com.alexanderritik.Community-Discussion";
				PRODUCT_NAME = "$(TARGET_NAME)";
				SWIFT_VERSION = 5.0;
				TARGETED_DEVICE_FAMILY = "1,2";
			};
			name = Release;
		};
/* End XCBuildConfiguration section */

/* Begin XCConfigurationList section */
		26AA13D22544C76F00BF4F8F /* Build configuration list for PBXProject "Community Discussion" */ = {
			isa = XCConfigurationList;
			buildConfigurations = (
				26AA13E92544C77500BF4F8F /* Debug */,
				26AA13EA2544C77500BF4F8F /* Release */,
			);
			defaultConfigurationIsVisible = 0;
			defaultConfigurationName = Release;
		};
		26AA13EB2544C77500BF4F8F /* Build configuration list for PBXNativeTarget "Community Discussion" */ = {
			isa = XCConfigurationList;
			buildConfigurations = (
				26AA13EC2544C77500BF4F8F /* Debug */,
				26AA13ED2544C77500BF4F8F /* Release */,
			);
			defaultConfigurationIsVisible = 0;
			defaultConfigurationName = Release;
		};
/* End XCConfigurationList section */
	};
	rootObject = 26AA13CF2544C76F00BF4F8F /* Project object */;
}
